PODS:
  - Flutter (1.0.0)
  - flutter_secure_storage (6.0.0):
    - Flutter
  - objective_c (0.0.1):
    - Flutter
  - pasteboard (0.0.1):
    - Flutter

DEPENDENCIES:
  - Flutter (from `Flutter`)
  - flutter_secure_storage (from `.symlinks/plugins/flutter_secure_storage/ios`)
  - objective_c (from `.symlinks/plugins/objective_c/ios`)
  - pasteboard (from `.symlinks/plugins/pasteboard/ios`)

EXTERNAL SOURCES:
  Flutter:
    :path: Flutter
  flutter_secure_storage:
    :path: ".symlinks/plugins/flutter_secure_storage/ios"
  objective_c:
    :path: ".symlinks/plugins/objective_c/ios"
  pasteboard:
    :path: ".symlinks/plugins/pasteboard/ios"

SPEC CHECKSUMS:
  Flutter: cabc95a1d2626b1b06e7179b784ebcf0c0cde467
  flutter_secure_storage: 1ed9476fba7e7a782b22888f956cce43e2c62f13
  objective_c: 89e720c30d716b036faf9c9684022048eee1eee2
  pasteboard: 49088aeb6119d51f976a421db60d8e1ab079b63c

PODFILE CHECKSUM: 3c63482e143d1b91d2d2560aee9fb04ecc74ac7e

COCOAPODS: 1.16.2
